
Microsoft Visual Studio Solution File, Format Version 12.00
# Visual Studio Version 17
VisualStudioVersion = 17.12.35527.113 d17.12
MinimumVisualStudioVersion = 10.0.40219.1
Project("{FAE04EC0-301F-11D3-BF4B-00C04F79EFBC}") = "NLaTexMath", "NLaTexMath\NLaTexMath.csproj", "{A3F8F4B2-4C86-4FAB-8976-5F35A21B7EE7}"
EndProject
Project("{FAE04EC0-301F-11D3-BF4B-00C04F79EFBC}") = "NLaTexMathTests", "NLaTexMathTests\NLaTexMathTests.csproj", "{3E01DF81-7F19-407F-8DB7-15FD5AE6B05B}"
EndProject
Global
	GlobalSection(SolutionConfigurationPlatforms) = preSolution
		Debug|Any CPU = Debug|Any CPU
		Release|Any CPU = Release|Any CPU
	EndGlobalSection
	GlobalSection(ProjectConfigurationPlatforms) = postSolution
		{A3F8F4B2-4C86-4FAB-8976-5F35A21B7EE7}.Debug|Any CPU.ActiveCfg = Debug|Any CPU
		{A3F8F4B2-4C86-4FAB-8976-5F35A21B7EE7}.Debug|Any CPU.Build.0 = Debug|Any CPU
		{A3F8F4B2-4C86-4FAB-8976-5F35A21B7EE7}.Release|Any CPU.ActiveCfg = Release|Any CPU
		{A3F8F4B2-4C86-4FAB-8976-5F35A21B7EE7}.Release|Any CPU.Build.0 = Release|Any CPU
		{3E01DF81-7F19-407F-8DB7-15FD5AE6B05B}.Debug|Any CPU.ActiveCfg = Debug|Any CPU
		{3E01DF81-7F19-407F-8DB7-15FD5AE6B05B}.Debug|Any CPU.Build.0 = Debug|Any CPU
		{3E01DF81-7F19-407F-8DB7-15FD5AE6B05B}.Release|Any CPU.ActiveCfg = Release|Any CPU
		{3E01DF81-7F19-407F-8DB7-15FD5AE6B05B}.Release|Any CPU.Build.0 = Release|Any CPU
	EndGlobalSection
	GlobalSection(SolutionProperties) = preSolution
		HideSolutionNode = FALSE
	EndGlobalSection
EndGlobal
